
Microsoft Visual Studio Solution File, Format Version 12.00
# Visual Studio Version 16
VisualStudioVersion = 16.0.29509.3
MinimumVisualStudioVersion = 10.0.40219.1
Project("{FAE04EC0-301F-11D3-BF4B-00C04F79EFBC}") = "ProductsApp", "ProductsApp.csproj", "{7B6FFD8D-BF0F-4367-8414-4EA4A54F6901}"
EndProject
Global
	GlobalSection(SolutionConfigurationPlatforms) = preSolution
		Debug|Any CPU = Debug|Any CPU
		Release|Any CPU = Release|Any CPU
	EndGlobalSection
	GlobalSection(ProjectConfigurationPlatforms) = postSolution
		{7B6FFD8D-BF0F-4367-8414-4EA4A54F6901}.Debug|Any CPU.ActiveCfg = Debug|Any CPU
		{7B6FFD8D-BF0F-4367-8414-4EA4A54F6901}.Debug|Any CPU.Build.0 = Debug|Any CPU
		{7B6FFD8D-BF0F-4367-8414-4EA4A54F6901}.Release|Any CPU.ActiveCfg = Release|Any CPU
		{7B6FFD8D-BF0F-4367-8414-4EA4A54F6901}.Release|Any CPU.Build.0 = Release|Any CPU
	EndGlobalSection
	GlobalSection(SolutionProperties) = preSolution
		HideSolutionNode = FALSE
	EndGlobalSection
	GlobalSection(ExtensibilityGlobals) = postSolution
		SolutionGuid = {652BF37D-ED55-4228-B4BB-06FEA023043A}
	EndGlobalSection
EndGlobal
